SITE
  remote: http://community.opscode.com/api/v1
  specs:
    apt (7.1.1)
    build-essential (8.2.1)
      mingw (>= 1.1)
      seven_zip (>= 0.0.0)
    haproxy (8.1.0)
      build-essential (>= 8.0.1)
      yum-epel (>= 0.0.0)
    iptables (4.5.0)
    mingw (2.1.0)
      seven_zip (>= 0.0.0)
    nginx (9.0.0)
      build-essential (>= 5.0)
      ohai (>= 4.1.0)
      yum-epel (>= 0.0.0)
    ohai (5.2.5)
    openssl-source (1.0.4)
      build-essential (>= 0.0.0)
    packagecloud (1.0.1)
    pcre (0.1.1)
      build-essential (>= 0.0.0)
    runit (5.1.2)
      packagecloud (>= 0.0.0)
      yum-epel (>= 0.0.0)
    seven_zip (3.1.1)
      windows (>= 0.0.0)
    ssh-hardening (2.8.0)
    sshd (2.0.0)
    windows (6.0.0)
    yum-epel (3.3.0)

DEPENDENCIES
  apt (>= 0)
  build-essential (>= 0)
  haproxy (>= 0)
  iptables (>= 0)
  iptables (>= 0)
  nginx (>= 0)
  ohai (>= 0)
  openssl-source (>= 0)
  pcre (>= 0)
  runit (>= 0)
  ssh-hardening (>= 0)
  sshd (>= 0)

